NeoBundleLock VimClojure 2a17c249571395a7f45523d38cac6a9326ecf8f1
NeoBundleLock neobundle.vim 033911a11c55d0eb0b36edc60854e27436311a55
NeoBundleLock neocomplcache 778181767467b8f8016828898779a646074d883a
NeoBundleLock neocomplete-rsense.vim a8b7460a41eb96aa1c9e49b231dd95e216c8dc2d
NeoBundleLock neosnippet d7145056c4b3b8177159a085cffbe54c18a7d248
NeoBundleLock syntastic 9af644dace47bb6692dd7364eb066e50c5f710b9
NeoBundleLock tcomment_vim 7f2adfeb702210cae8e8aa8471bfb2b777d2c3b3
NeoBundleLock unite.vim 2fbd0642637f3594867e66fe9587f86baa268777
NeoBundleLock vim-endwise bba43b831ae0485cf9b86d16340a6a314b927391
NeoBundleLock vim-rails edc0b46409a2c38ab5ee76537cae99ac3fa77924
NeoBundleLock vim-slime 457ce9b366ceb1be1885e73e79ebbe8c1a2511ef
NeoBundleLock vimproc ec8264063c1d46f88e74e6291d615d516f3fca8f
NeoBundleLock vimshell 4939e10609c434becf6423b2f3876bb9c2be3464
